
Microsoft Visual Studio Solution File, Format Version 12.00
# Visual Studio Version 16
VisualStudioVersion = 16.0.30204.135
MinimumVisualStudioVersion = 10.0.40219.1
Project("{2150E333-8FDC-42A3-9474-1A3956D46DE8}") = "NoSQL", "NoSQL", "{E007224E-5025-424A-8CA7-487A48525319}"
EndProject
Project("{FAE04EC0-301F-11D3-BF4B-00C04F79EFBC}") = "RedisApp.Sample", "RedisApp.Sample\RedisApp.Sample.csproj", "{27874377-0F68-4A55-BB8D-11AB3F065F96}"
EndProject
Project("{2150E333-8FDC-42A3-9474-1A3956D46DE8}") = "Log", "Log", "{A65EA7EC-E1CB-4243-A109-57FC41D60E3A}"
EndProject
Project("{FAE04EC0-301F-11D3-BF4B-00C04F79EFBC}") = "Log4NetApp.Sample", "Log4NetApp.Sample\Log4NetApp.Sample.csproj", "{6FAA961A-BB05-4FE0-BB3E-943F02D77C87}"
EndProject
Project("{FAE04EC0-301F-11D3-BF4B-00C04F79EFBC}") = "NLogApp.Sample", "NLogApp.Sample\NLogApp.Sample.csproj", "{3AEBAEB4-55F6-4304-A236-BB404974EF00}"
EndProject
Project("{2150E333-8FDC-42A3-9474-1A3956D46DE8}") = "Common", "Common", "{488AED6A-61A6-4456-88D3-1B80E85DFBBE}"
EndProject
Project("{FAE04EC0-301F-11D3-BF4B-00C04F79EFBC}") = "CommonHelpers", "CommonHelpers\CommonHelpers.csproj", "{E179EB2A-CD26-4E1A-8CAE-98072BC4C1D4}"
EndProject
Project("{FAE04EC0-301F-11D3-BF4B-00C04F79EFBC}") = "PollyApp.Sample", "PollyApp.Sample\PollyApp.Sample.csproj", "{90A66848-BDCE-4E2B-B11B-4E0F3114C776}"
EndProject
Project("{2150E333-8FDC-42A3-9474-1A3956D46DE8}") = "Job", "Job", "{7BED1F15-0E0E-4562-AC38-704B1BE8EFE8}"
EndProject
Project("{FAE04EC0-301F-11D3-BF4B-00C04F79EFBC}") = "QuartzNetApp.Sample", "QuartzNetApp.Sample\QuartzNetApp.Sample.csproj", "{2C2CE797-0C92-4366-AB89-43F76823357A}"
EndProject
Project("{FAE04EC0-301F-11D3-BF4B-00C04F79EFBC}") = "HangfireApp.Sample", "HangfireApp.Sample\HangfireApp.Sample.csproj", "{FE3D976D-B8A5-4DAA-A0C6-DD2D1887DEBD}"
EndProject
Project("{2150E333-8FDC-42A3-9474-1A3956D46DE8}") = "RabbitMQ", "RabbitMQ", "{1C1058A8-E39E-4114-8129-DD0E16D0DB80}"
EndProject
Project("{2150E333-8FDC-42A3-9474-1A3956D46DE8}") = "Grpc", "Grpc", "{B91EE3DE-4DD2-4382-92F2-61290E705C8A}"
EndProject
Project("{FAE04EC0-301F-11D3-BF4B-00C04F79EFBC}") = "BaseHandlerApp.Sample", "BaseHandlerApp.Sample\BaseHandlerApp.Sample.csproj", "{070ECEE0-9931-4328-B569-5D9C703DB316}"
EndProject
Project("{9A19103F-16F7-4668-BE54-9A1E7A4F7556}") = "Grpc.Service", "Grpc.Service\Grpc.Service.csproj", "{6635FB4A-EE49-4B82-BECC-0719512D1016}"
EndProject
Project("{9A19103F-16F7-4668-BE54-9A1E7A4F7556}") = "Grpc.Client", "Grpc.Client\Grpc.Client.csproj", "{402FA1AB-6D58-4225-B72A-DE8189024C01}"
EndProject
Project("{9A19103F-16F7-4668-BE54-9A1E7A4F7556}") = "EasyNetQ.Common", "EasyNetQ.Common\EasyNetQ.Common.csproj", "{F3CF926F-1722-4D72-AF6D-348379FCDBD4}"
EndProject
Project("{9A19103F-16F7-4668-BE54-9A1E7A4F7556}") = "EasyNetQ.Client", "EasyNetQ.Client\EasyNetQ.Client.csproj", "{834996DD-D954-4577-B652-35FE6ABBA935}"
EndProject
Project("{9A19103F-16F7-4668-BE54-9A1E7A4F7556}") = "EasyNetQ.Send", "EasyNetQ.Send\EasyNetQ.Send.csproj", "{46AB6DF7-9795-4AE2-B327-BBDA7542B307}"
EndProject
Project("{FAE04EC0-301F-11D3-BF4B-00C04F79EFBC}") = "RabbitMQ.Receive", "RabbitMQ.Receive\RabbitMQ.Receive.csproj", "{4AD51414-25AA-41F0-8681-A2BE2D33DF2D}"
EndProject
Project("{FAE04EC0-301F-11D3-BF4B-00C04F79EFBC}") = "RabbitMQ.Send", "RabbitMQ.Send\RabbitMQ.Send.csproj", "{5287487A-9516-455F-AAB0-29817BF6FE3E}"
EndProject
Project("{FAE04EC0-301F-11D3-BF4B-00C04F79EFBC}") = "RabbitMQ.RPC.Client", "RabbitMQ.RPC.Client\RabbitMQ.RPC.Client.csproj", "{2445C0A0-4222-44BF-BDBE-B949F1153C17}"
EndProject
Project("{FAE04EC0-301F-11D3-BF4B-00C04F79EFBC}") = "RabbitMQ.RPC.Server", "RabbitMQ.RPC.Send\RabbitMQ.RPC.Server.csproj", "{503A4D57-9155-4717-9AE7-AAF50C076FCC}"
EndProject
Project("{FAE04EC0-301F-11D3-BF4B-00C04F79EFBC}") = "RarOrZipApp.Sample", "RarOrZipApp.Sample\RarOrZipApp.Sample.csproj", "{A5423B7C-5A8A-442F-838E-53D0F655B7A3}"
EndProject
Project("{FAE04EC0-301F-11D3-BF4B-00C04F79EFBC}") = "IdCreatorApp.Sample", "IdCreatorApp.Sample\IdCreatorApp.Sample.csproj", "{BFFA5C1F-A104-4014-87AB-DDD64AD8E8DA}"
EndProject
Project("{2150E333-8FDC-42A3-9474-1A3956D46DE8}") = "EventBus", "EventBus", "{F67A09D4-35CA-4BAB-ADBB-F7D04DD476E5}"
EndProject
Project("{FAE04EC0-301F-11D3-BF4B-00C04F79EFBC}") = "EventBusApp.Sample", "EventBusApp.Sample\EventBusApp.Sample.csproj", "{526A528E-6C9F-4D75-A8DD-5410F1D4FDA7}"
EndProject
Project("{FAE04EC0-301F-11D3-BF4B-00C04F79EFBC}") = "EventBus", "EventBus\EventBus.csproj", "{91B44572-9B1B-4A0F-AB64-292A92933CF3}"
EndProject
Project("{FAE04EC0-301F-11D3-BF4B-00C04F79EFBC}") = "EventBus.Test", "EventBus.Test\EventBus.Test.csproj", "{5C8B7C03-BF05-48B9-B8B6-D40F9C13E330}"
EndProject
Project("{FAE04EC0-301F-11D3-BF4B-00C04F79EFBC}") = "MemcachedApp.Sample", "MemcachedApp.Sample\MemcachedApp.Sample.csproj", "{9A4AF843-B1BE-4667-8480-1200CCD4CD86}"
EndProject
Global
	GlobalSection(SolutionConfigurationPlatforms) = preSolution
		Debug|Any CPU = Debug|Any CPU
		Release|Any CPU = Release|Any CPU
	EndGlobalSection
	GlobalSection(ProjectConfigurationPlatforms) = postSolution
		{27874377-0F68-4A55-BB8D-11AB3F065F96}.Debug|Any CPU.ActiveCfg = Debug|Any CPU
		{27874377-0F68-4A55-BB8D-11AB3F065F96}.Debug|Any CPU.Build.0 = Debug|Any CPU
		{27874377-0F68-4A55-BB8D-11AB3F065F96}.Release|Any CPU.ActiveCfg = Release|Any CPU
		{27874377-0F68-4A55-BB8D-11AB3F065F96}.Release|Any CPU.Build.0 = Release|Any CPU
		{6FAA961A-BB05-4FE0-BB3E-943F02D77C87}.Debug|Any CPU.ActiveCfg = Debug|Any CPU
		{6FAA961A-BB05-4FE0-BB3E-943F02D77C87}.Debug|Any CPU.Build.0 = Debug|Any CPU
		{6FAA961A-BB05-4FE0-BB3E-943F02D77C87}.Release|Any CPU.ActiveCfg = Release|Any CPU
		{6FAA961A-BB05-4FE0-BB3E-943F02D77C87}.Release|Any CPU.Build.0 = Release|Any CPU
		{3AEBAEB4-55F6-4304-A236-BB404974EF00}.Debug|Any CPU.ActiveCfg = Debug|Any CPU
		{3AEBAEB4-55F6-4304-A236-BB404974EF00}.Debug|Any CPU.Build.0 = Debug|Any CPU
		{3AEBAEB4-55F6-4304-A236-BB404974EF00}.Release|Any CPU.ActiveCfg = Release|Any CPU
		{3AEBAEB4-55F6-4304-A236-BB404974EF00}.Release|Any CPU.Build.0 = Release|Any CPU
		{E179EB2A-CD26-4E1A-8CAE-98072BC4C1D4}.Debug|Any CPU.ActiveCfg = Debug|Any CPU
		{E179EB2A-CD26-4E1A-8CAE-98072BC4C1D4}.Debug|Any CPU.Build.0 = Debug|Any CPU
		{E179EB2A-CD26-4E1A-8CAE-98072BC4C1D4}.Release|Any CPU.ActiveCfg = Release|Any CPU
		{E179EB2A-CD26-4E1A-8CAE-98072BC4C1D4}.Release|Any CPU.Build.0 = Release|Any CPU
		{90A66848-BDCE-4E2B-B11B-4E0F3114C776}.Debug|Any CPU.ActiveCfg = Debug|Any CPU
		{90A66848-BDCE-4E2B-B11B-4E0F3114C776}.Debug|Any CPU.Build.0 = Debug|Any CPU
		{90A66848-BDCE-4E2B-B11B-4E0F3114C776}.Release|Any CPU.ActiveCfg = Release|Any CPU
		{90A66848-BDCE-4E2B-B11B-4E0F3114C776}.Release|Any CPU.Build.0 = Release|Any CPU
		{2C2CE797-0C92-4366-AB89-43F76823357A}.Debug|Any CPU.ActiveCfg = Debug|Any CPU
		{2C2CE797-0C92-4366-AB89-43F76823357A}.Debug|Any CPU.Build.0 = Debug|Any CPU
		{2C2CE797-0C92-4366-AB89-43F76823357A}.Release|Any CPU.ActiveCfg = Release|Any CPU
		{2C2CE797-0C92-4366-AB89-43F76823357A}.Release|Any CPU.Build.0 = Release|Any CPU
		{FE3D976D-B8A5-4DAA-A0C6-DD2D1887DEBD}.Debug|Any CPU.ActiveCfg = Debug|Any CPU
		{FE3D976D-B8A5-4DAA-A0C6-DD2D1887DEBD}.Debug|Any CPU.Build.0 = Debug|Any CPU
		{FE3D976D-B8A5-4DAA-A0C6-DD2D1887DEBD}.Release|Any CPU.ActiveCfg = Release|Any CPU
		{FE3D976D-B8A5-4DAA-A0C6-DD2D1887DEBD}.Release|Any CPU.Build.0 = Release|Any CPU
		{070ECEE0-9931-4328-B569-5D9C703DB316}.Debug|Any CPU.ActiveCfg = Debug|Any CPU
		{070ECEE0-9931-4328-B569-5D9C703DB316}.Debug|Any CPU.Build.0 = Debug|Any CPU
		{070ECEE0-9931-4328-B569-5D9C703DB316}.Release|Any CPU.ActiveCfg = Release|Any CPU
		{070ECEE0-9931-4328-B569-5D9C703DB316}.Release|Any CPU.Build.0 = Release|Any CPU
		{6635FB4A-EE49-4B82-BECC-0719512D1016}.Debug|Any CPU.ActiveCfg = Debug|Any CPU
		{6635FB4A-EE49-4B82-BECC-0719512D1016}.Debug|Any CPU.Build.0 = Debug|Any CPU
		{6635FB4A-EE49-4B82-BECC-0719512D1016}.Release|Any CPU.ActiveCfg = Release|Any CPU
		{6635FB4A-EE49-4B82-BECC-0719512D1016}.Release|Any CPU.Build.0 = Release|Any CPU
		{402FA1AB-6D58-4225-B72A-DE8189024C01}.Debug|Any CPU.ActiveCfg = Debug|Any CPU
		{402FA1AB-6D58-4225-B72A-DE8189024C01}.Debug|Any CPU.Build.0 = Debug|Any CPU
		{402FA1AB-6D58-4225-B72A-DE8189024C01}.Release|Any CPU.ActiveCfg = Release|Any CPU
		{402FA1AB-6D58-4225-B72A-DE8189024C01}.Release|Any CPU.Build.0 = Release|Any CPU
		{F3CF926F-1722-4D72-AF6D-348379FCDBD4}.Debug|Any CPU.ActiveCfg = Debug|Any CPU
		{F3CF926F-1722-4D72-AF6D-348379FCDBD4}.Debug|Any CPU.Build.0 = Debug|Any CPU
		{F3CF926F-1722-4D72-AF6D-348379FCDBD4}.Release|Any CPU.ActiveCfg = Release|Any CPU
		{F3CF926F-1722-4D72-AF6D-348379FCDBD4}.Release|Any CPU.Build.0 = Release|Any CPU
		{834996DD-D954-4577-B652-35FE6ABBA935}.Debug|Any CPU.ActiveCfg = Debug|Any CPU
		{834996DD-D954-4577-B652-35FE6ABBA935}.Debug|Any CPU.Build.0 = Debug|Any CPU
		{834996DD-D954-4577-B652-35FE6ABBA935}.Release|Any CPU.ActiveCfg = Release|Any CPU
		{834996DD-D954-4577-B652-35FE6ABBA935}.Release|Any CPU.Build.0 = Release|Any CPU
		{46AB6DF7-9795-4AE2-B327-BBDA7542B307}.Debug|Any CPU.ActiveCfg = Debug|Any CPU
		{46AB6DF7-9795-4AE2-B327-BBDA7542B307}.Debug|Any CPU.Build.0 = Debug|Any CPU
		{46AB6DF7-9795-4AE2-B327-BBDA7542B307}.Release|Any CPU.ActiveCfg = Release|Any CPU
		{46AB6DF7-9795-4AE2-B327-BBDA7542B307}.Release|Any CPU.Build.0 = Release|Any CPU
		{4AD51414-25AA-41F0-8681-A2BE2D33DF2D}.Debug|Any CPU.ActiveCfg = Debug|Any CPU
		{4AD51414-25AA-41F0-8681-A2BE2D33DF2D}.Debug|Any CPU.Build.0 = Debug|Any CPU
		{4AD51414-25AA-41F0-8681-A2BE2D33DF2D}.Release|Any CPU.ActiveCfg = Release|Any CPU
		{4AD51414-25AA-41F0-8681-A2BE2D33DF2D}.Release|Any CPU.Build.0 = Release|Any CPU
		{5287487A-9516-455F-AAB0-29817BF6FE3E}.Debug|Any CPU.ActiveCfg = Debug|Any CPU
		{5287487A-9516-455F-AAB0-29817BF6FE3E}.Debug|Any CPU.Build.0 = Debug|Any CPU
		{5287487A-9516-455F-AAB0-29817BF6FE3E}.Release|Any CPU.ActiveCfg = Release|Any CPU
		{5287487A-9516-455F-AAB0-29817BF6FE3E}.Release|Any CPU.Build.0 = Release|Any CPU
		{2445C0A0-4222-44BF-BDBE-B949F1153C17}.Debug|Any CPU.ActiveCfg = Debug|Any CPU
		{2445C0A0-4222-44BF-BDBE-B949F1153C17}.Debug|Any CPU.Build.0 = Debug|Any CPU
		{2445C0A0-4222-44BF-BDBE-B949F1153C17}.Release|Any CPU.ActiveCfg = Release|Any CPU
		{2445C0A0-4222-44BF-BDBE-B949F1153C17}.Release|Any CPU.Build.0 = Release|Any CPU
		{503A4D57-9155-4717-9AE7-AAF50C076FCC}.Debug|Any CPU.ActiveCfg = Debug|Any CPU
		{503A4D57-9155-4717-9AE7-AAF50C076FCC}.Debug|Any CPU.Build.0 = Debug|Any CPU
		{503A4D57-9155-4717-9AE7-AAF50C076FCC}.Release|Any CPU.ActiveCfg = Release|Any CPU
		{503A4D57-9155-4717-9AE7-AAF50C076FCC}.Release|Any CPU.Build.0 = Release|Any CPU
		{A5423B7C-5A8A-442F-838E-53D0F655B7A3}.Debug|Any CPU.ActiveCfg = Debug|Any CPU
		{A5423B7C-5A8A-442F-838E-53D0F655B7A3}.Debug|Any CPU.Build.0 = Debug|Any CPU
		{A5423B7C-5A8A-442F-838E-53D0F655B7A3}.Release|Any CPU.ActiveCfg = Release|Any CPU
		{A5423B7C-5A8A-442F-838E-53D0F655B7A3}.Release|Any CPU.Build.0 = Release|Any CPU
		{BFFA5C1F-A104-4014-87AB-DDD64AD8E8DA}.Debug|Any CPU.ActiveCfg = Debug|Any CPU
		{BFFA5C1F-A104-4014-87AB-DDD64AD8E8DA}.Debug|Any CPU.Build.0 = Debug|Any CPU
		{BFFA5C1F-A104-4014-87AB-DDD64AD8E8DA}.Release|Any CPU.ActiveCfg = Release|Any CPU
		{BFFA5C1F-A104-4014-87AB-DDD64AD8E8DA}.Release|Any CPU.Build.0 = Release|Any CPU
		{526A528E-6C9F-4D75-A8DD-5410F1D4FDA7}.Debug|Any CPU.ActiveCfg = Debug|Any CPU
		{526A528E-6C9F-4D75-A8DD-5410F1D4FDA7}.Debug|Any CPU.Build.0 = Debug|Any CPU
		{526A528E-6C9F-4D75-A8DD-5410F1D4FDA7}.Release|Any CPU.ActiveCfg = Release|Any CPU
		{526A528E-6C9F-4D75-A8DD-5410F1D4FDA7}.Release|Any CPU.Build.0 = Release|Any CPU
		{91B44572-9B1B-4A0F-AB64-292A92933CF3}.Debug|Any CPU.ActiveCfg = Debug|Any CPU
		{91B44572-9B1B-4A0F-AB64-292A92933CF3}.Debug|Any CPU.Build.0 = Debug|Any CPU
		{91B44572-9B1B-4A0F-AB64-292A92933CF3}.Release|Any CPU.ActiveCfg = Release|Any CPU
		{91B44572-9B1B-4A0F-AB64-292A92933CF3}.Release|Any CPU.Build.0 = Release|Any CPU
		{5C8B7C03-BF05-48B9-B8B6-D40F9C13E330}.Debug|Any CPU.ActiveCfg = Debug|Any CPU
		{5C8B7C03-BF05-48B9-B8B6-D40F9C13E330}.Debug|Any CPU.Build.0 = Debug|Any CPU
		{5C8B7C03-BF05-48B9-B8B6-D40F9C13E330}.Release|Any CPU.ActiveCfg = Release|Any CPU
		{5C8B7C03-BF05-48B9-B8B6-D40F9C13E330}.Release|Any CPU.Build.0 = Release|Any CPU
		{9A4AF843-B1BE-4667-8480-1200CCD4CD86}.Debug|Any CPU.ActiveCfg = Debug|Any CPU
		{9A4AF843-B1BE-4667-8480-1200CCD4CD86}.Debug|Any CPU.Build.0 = Debug|Any CPU
		{9A4AF843-B1BE-4667-8480-1200CCD4CD86}.Release|Any CPU.ActiveCfg = Release|Any CPU
		{9A4AF843-B1BE-4667-8480-1200CCD4CD86}.Release|Any CPU.Build.0 = Release|Any CPU
	EndGlobalSection
	GlobalSection(SolutionProperties) = preSolution
		HideSolutionNode = FALSE
	EndGlobalSection
	GlobalSection(NestedProjects) = preSolution
		{27874377-0F68-4A55-BB8D-11AB3F065F96} = {E007224E-5025-424A-8CA7-487A48525319}
		{6FAA961A-BB05-4FE0-BB3E-943F02D77C87} = {A65EA7EC-E1CB-4243-A109-57FC41D60E3A}
		{3AEBAEB4-55F6-4304-A236-BB404974EF00} = {A65EA7EC-E1CB-4243-A109-57FC41D60E3A}
		{E179EB2A-CD26-4E1A-8CAE-98072BC4C1D4} = {488AED6A-61A6-4456-88D3-1B80E85DFBBE}
		{2C2CE797-0C92-4366-AB89-43F76823357A} = {7BED1F15-0E0E-4562-AC38-704B1BE8EFE8}
		{FE3D976D-B8A5-4DAA-A0C6-DD2D1887DEBD} = {7BED1F15-0E0E-4562-AC38-704B1BE8EFE8}
		{6635FB4A-EE49-4B82-BECC-0719512D1016} = {B91EE3DE-4DD2-4382-92F2-61290E705C8A}
		{402FA1AB-6D58-4225-B72A-DE8189024C01} = {B91EE3DE-4DD2-4382-92F2-61290E705C8A}
		{F3CF926F-1722-4D72-AF6D-348379FCDBD4} = {1C1058A8-E39E-4114-8129-DD0E16D0DB80}
		{834996DD-D954-4577-B652-35FE6ABBA935} = {1C1058A8-E39E-4114-8129-DD0E16D0DB80}
		{46AB6DF7-9795-4AE2-B327-BBDA7542B307} = {1C1058A8-E39E-4114-8129-DD0E16D0DB80}
		{4AD51414-25AA-41F0-8681-A2BE2D33DF2D} = {1C1058A8-E39E-4114-8129-DD0E16D0DB80}
		{5287487A-9516-455F-AAB0-29817BF6FE3E} = {1C1058A8-E39E-4114-8129-DD0E16D0DB80}
		{2445C0A0-4222-44BF-BDBE-B949F1153C17} = {1C1058A8-E39E-4114-8129-DD0E16D0DB80}
		{503A4D57-9155-4717-9AE7-AAF50C076FCC} = {1C1058A8-E39E-4114-8129-DD0E16D0DB80}
		{526A528E-6C9F-4D75-A8DD-5410F1D4FDA7} = {F67A09D4-35CA-4BAB-ADBB-F7D04DD476E5}
		{91B44572-9B1B-4A0F-AB64-292A92933CF3} = {F67A09D4-35CA-4BAB-ADBB-F7D04DD476E5}
		{5C8B7C03-BF05-48B9-B8B6-D40F9C13E330} = {F67A09D4-35CA-4BAB-ADBB-F7D04DD476E5}
		{9A4AF843-B1BE-4667-8480-1200CCD4CD86} = {E007224E-5025-424A-8CA7-487A48525319}
	EndGlobalSection
	GlobalSection(ExtensibilityGlobals) = postSolution
		SolutionGuid = {F9098F81-4915-4790-BCBA-40BD980D8963}
	EndGlobalSection
EndGlobal
