
Microsoft Visual Studio Solution File, Format Version 12.00
# Visual Studio Version 16
VisualStudioVersion = 16.0.30204.135
MinimumVisualStudioVersion = 10.0.40219.1
Project("{2150E333-8FDC-42A3-9474-1A3956D46DE8}") = "Redis", "Redis", "{E007224E-5025-424A-8CA7-487A48525319}"
EndProject
Project("{FAE04EC0-301F-11D3-BF4B-00C04F79EFBC}") = "RedisApp.Sample", "RedisApp.Sample\RedisApp.Sample.csproj", "{27874377-0F68-4A55-BB8D-11AB3F065F96}"
EndProject
Project("{2150E333-8FDC-42A3-9474-1A3956D46DE8}") = "Log", "Log", "{A65EA7EC-E1CB-4243-A109-57FC41D60E3A}"
EndProject
Project("{FAE04EC0-301F-11D3-BF4B-00C04F79EFBC}") = "Log4NetApp.Sample", "Log4NetApp.Sample\Log4NetApp.Sample.csproj", "{6FAA961A-BB05-4FE0-BB3E-943F02D77C87}"
EndProject
Project("{FAE04EC0-301F-11D3-BF4B-00C04F79EFBC}") = "NLogApp.Sample", "NLogApp.Sample\NLogApp.Sample.csproj", "{3AEBAEB4-55F6-4304-A236-BB404974EF00}"
EndProject
Project("{2150E333-8FDC-42A3-9474-1A3956D46DE8}") = "Common", "Common", "{488AED6A-61A6-4456-88D3-1B80E85DFBBE}"
EndProject
Project("{FAE04EC0-301F-11D3-BF4B-00C04F79EFBC}") = "CommonHelpers", "CommonHelpers\CommonHelpers.csproj", "{E179EB2A-CD26-4E1A-8CAE-98072BC4C1D4}"
EndProject
Project("{FAE04EC0-301F-11D3-BF4B-00C04F79EFBC}") = "PollyApp.Sample", "PollyApp.Sample\PollyApp.Sample.csproj", "{90A66848-BDCE-4E2B-B11B-4E0F3114C776}"
EndProject
Project("{2150E333-8FDC-42A3-9474-1A3956D46DE8}") = "Job", "Job", "{7BED1F15-0E0E-4562-AC38-704B1BE8EFE8}"
EndProject
Project("{FAE04EC0-301F-11D3-BF4B-00C04F79EFBC}") = "QuartzNetApp.Sample", "QuartzNetApp.Sample\QuartzNetApp.Sample.csproj", "{2C2CE797-0C92-4366-AB89-43F76823357A}"
EndProject
Project("{FAE04EC0-301F-11D3-BF4B-00C04F79EFBC}") = "HangfireApp.Sample", "HangfireApp.Sample\HangfireApp.Sample.csproj", "{FE3D976D-B8A5-4DAA-A0C6-DD2D1887DEBD}"
EndProject
Project("{2150E333-8FDC-42A3-9474-1A3956D46DE8}") = "RabbitMQ", "RabbitMQ", "{1C1058A8-E39E-4114-8129-DD0E16D0DB80}"
EndProject
Project("{2150E333-8FDC-42A3-9474-1A3956D46DE8}") = "Grpc", "Grpc", "{B91EE3DE-4DD2-4382-92F2-61290E705C8A}"
EndProject
Project("{FAE04EC0-301F-11D3-BF4B-00C04F79EFBC}") = "BaseHandlerApp.Sample", "BaseHandlerApp.Sample\BaseHandlerApp.Sample.csproj", "{070ECEE0-9931-4328-B569-5D9C703DB316}"
EndProject
Global
	GlobalSection(SolutionConfigurationPlatforms) = preSolution
		Debug|Any CPU = Debug|Any CPU
		Release|Any CPU = Release|Any CPU
	EndGlobalSection
	GlobalSection(ProjectConfigurationPlatforms) = postSolution
		{27874377-0F68-4A55-BB8D-11AB3F065F96}.Debug|Any CPU.ActiveCfg = Debug|Any CPU
		{27874377-0F68-4A55-BB8D-11AB3F065F96}.Debug|Any CPU.Build.0 = Debug|Any CPU
		{27874377-0F68-4A55-BB8D-11AB3F065F96}.Release|Any CPU.ActiveCfg = Release|Any CPU
		{27874377-0F68-4A55-BB8D-11AB3F065F96}.Release|Any CPU.Build.0 = Release|Any CPU
		{6FAA961A-BB05-4FE0-BB3E-943F02D77C87}.Debug|Any CPU.ActiveCfg = Debug|Any CPU
		{6FAA961A-BB05-4FE0-BB3E-943F02D77C87}.Debug|Any CPU.Build.0 = Debug|Any CPU
		{6FAA961A-BB05-4FE0-BB3E-943F02D77C87}.Release|Any CPU.ActiveCfg = Release|Any CPU
		{6FAA961A-BB05-4FE0-BB3E-943F02D77C87}.Release|Any CPU.Build.0 = Release|Any CPU
		{3AEBAEB4-55F6-4304-A236-BB404974EF00}.Debug|Any CPU.ActiveCfg = Debug|Any CPU
		{3AEBAEB4-55F6-4304-A236-BB404974EF00}.Debug|Any CPU.Build.0 = Debug|Any CPU
		{3AEBAEB4-55F6-4304-A236-BB404974EF00}.Release|Any CPU.ActiveCfg = Release|Any CPU
		{3AEBAEB4-55F6-4304-A236-BB404974EF00}.Release|Any CPU.Build.0 = Release|Any CPU
		{E179EB2A-CD26-4E1A-8CAE-98072BC4C1D4}.Debug|Any CPU.ActiveCfg = Debug|Any CPU
		{E179EB2A-CD26-4E1A-8CAE-98072BC4C1D4}.Debug|Any CPU.Build.0 = Debug|Any CPU
		{E179EB2A-CD26-4E1A-8CAE-98072BC4C1D4}.Release|Any CPU.ActiveCfg = Release|Any CPU
		{E179EB2A-CD26-4E1A-8CAE-98072BC4C1D4}.Release|Any CPU.Build.0 = Release|Any CPU
		{90A66848-BDCE-4E2B-B11B-4E0F3114C776}.Debug|Any CPU.ActiveCfg = Debug|Any CPU
		{90A66848-BDCE-4E2B-B11B-4E0F3114C776}.Debug|Any CPU.Build.0 = Debug|Any CPU
		{90A66848-BDCE-4E2B-B11B-4E0F3114C776}.Release|Any CPU.ActiveCfg = Release|Any CPU
		{90A66848-BDCE-4E2B-B11B-4E0F3114C776}.Release|Any CPU.Build.0 = Release|Any CPU
		{2C2CE797-0C92-4366-AB89-43F76823357A}.Debug|Any CPU.ActiveCfg = Debug|Any CPU
		{2C2CE797-0C92-4366-AB89-43F76823357A}.Debug|Any CPU.Build.0 = Debug|Any CPU
		{2C2CE797-0C92-4366-AB89-43F76823357A}.Release|Any CPU.ActiveCfg = Release|Any CPU
		{2C2CE797-0C92-4366-AB89-43F76823357A}.Release|Any CPU.Build.0 = Release|Any CPU
		{FE3D976D-B8A5-4DAA-A0C6-DD2D1887DEBD}.Debug|Any CPU.ActiveCfg = Debug|Any CPU
		{FE3D976D-B8A5-4DAA-A0C6-DD2D1887DEBD}.Debug|Any CPU.Build.0 = Debug|Any CPU
		{FE3D976D-B8A5-4DAA-A0C6-DD2D1887DEBD}.Release|Any CPU.ActiveCfg = Release|Any CPU
		{FE3D976D-B8A5-4DAA-A0C6-DD2D1887DEBD}.Release|Any CPU.Build.0 = Release|Any CPU
		{070ECEE0-9931-4328-B569-5D9C703DB316}.Debug|Any CPU.ActiveCfg = Debug|Any CPU
		{070ECEE0-9931-4328-B569-5D9C703DB316}.Debug|Any CPU.Build.0 = Debug|Any CPU
		{070ECEE0-9931-4328-B569-5D9C703DB316}.Release|Any CPU.ActiveCfg = Release|Any CPU
		{070ECEE0-9931-4328-B569-5D9C703DB316}.Release|Any CPU.Build.0 = Release|Any CPU
	EndGlobalSection
	GlobalSection(SolutionProperties) = preSolution
		HideSolutionNode = FALSE
	EndGlobalSection
	GlobalSection(NestedProjects) = preSolution
		{27874377-0F68-4A55-BB8D-11AB3F065F96} = {E007224E-5025-424A-8CA7-487A48525319}
		{6FAA961A-BB05-4FE0-BB3E-943F02D77C87} = {A65EA7EC-E1CB-4243-A109-57FC41D60E3A}
		{3AEBAEB4-55F6-4304-A236-BB404974EF00} = {A65EA7EC-E1CB-4243-A109-57FC41D60E3A}
		{E179EB2A-CD26-4E1A-8CAE-98072BC4C1D4} = {488AED6A-61A6-4456-88D3-1B80E85DFBBE}
		{2C2CE797-0C92-4366-AB89-43F76823357A} = {7BED1F15-0E0E-4562-AC38-704B1BE8EFE8}
		{FE3D976D-B8A5-4DAA-A0C6-DD2D1887DEBD} = {7BED1F15-0E0E-4562-AC38-704B1BE8EFE8}
	EndGlobalSection
	GlobalSection(ExtensibilityGlobals) = postSolution
		SolutionGuid = {F9098F81-4915-4790-BCBA-40BD980D8963}
	EndGlobalSection
EndGlobal
